{
	"name": "expect-more-jest",
	"version": "2.4.0",
	"lockfileVersion": 1,
	"requires": true,
	"dependencies": {
		"ansi-regex": {
			"version": "4.0.0",
			"resolved": "https://registry.npmjs.org/ansi-regex/-/ansi-regex-4.0.0.tgz",
			"integrity": "sha512-iB5Dda8t/UqpPI/IjsejXu5jOGDrzn41wJyljwPH65VCIbk6+1BzFIMJGFwTNrYXT1CrD+B4l19U7awiQ8rk7w=="
		},
		"ansi-styles": {
			"version": "3.2.1",
			"resolved": "https://registry.npmjs.org/ansi-styles/-/ansi-styles-3.2.1.tgz",
			"integrity": "sha512-VT0ZI6kZRdTh8YyJw3SMbYm/u+NqfsAxEpWO0Pf9sq8/e94WxxOpPKx9FR1FlyCtOVDNOQ+8ntlqFxiRc+r5qA==",
			"requires": {
				"color-convert": "^1.9.0"
			}
		},
		"chalk": {
			"version": "2.4.2",
			"resolved": "https://registry.npmjs.org/chalk/-/chalk-2.4.2.tgz",
			"integrity": "sha512-Mti+f9lpJNcwF4tWV8/OrTTtF1gZi+f8FqlyAdouralcFWFQWF2+NgCHShjkCb+IFBLq9buZwE1xckQU4peSuQ==",
			"requires": {
				"ansi-styles": "^3.2.1",
				"escape-string-regexp": "^1.0.5",
				"supports-color": "^5.3.0"
			}
		},
		"color-convert": {
			"version": "1.9.3",
			"resolved": "https://registry.npmjs.org/color-convert/-/color-convert-1.9.3.tgz",
			"integrity": "sha512-QfAUtd+vFdAtFQcC8CCyYt1fYWxSqAiK2cSD6zDB8N3cpsEBAvRxp9zOGg6G/SHHJYAT88/az/IuDGALsNVbGg==",
			"requires": {
				"color-name": "1.1.3"
			}
		},
		"color-name": {
			"version": "1.1.3",
			"resolved": "https://registry.npmjs.org/color-name/-/color-name-1.1.3.tgz",
			"integrity": "sha1-p9BVi9icQveV3UIyj3QIMcpTvCU="
		},
		"diff-sequences": {
			"version": "24.0.0",
			"resolved": "https://registry.npmjs.org/diff-sequences/-/diff-sequences-24.0.0.tgz",
			"integrity": "sha512-46OkIuVGBBnrC0soO/4LHu5LHGHx0uhP65OVz8XOrAJpqiCB2aVIuESvjI1F9oqebuvY8lekS1pt6TN7vt7qsw=="
		},
		"escape-string-regexp": {
			"version": "1.0.5",
			"resolved": "https://registry.npmjs.org/escape-string-regexp/-/escape-string-regexp-1.0.5.tgz",
			"integrity": "sha1-G2HAViGQqN/2rjuyzwIAyhMLhtQ="
		},
		"has-flag": {
			"version": "3.0.0",
			"resolved": "https://registry.npmjs.org/has-flag/-/has-flag-3.0.0.tgz",
			"integrity": "sha1-tdRU3CGZriJWmfNGfloH87lVuv0="
		},
		"jest-diff": {
			"version": "24.0.0",
			"resolved": "https://registry.npmjs.org/jest-diff/-/jest-diff-24.0.0.tgz",
			"integrity": "sha512-XY5wMpRaTsuMoU+1/B2zQSKQ9RdE9gsLkGydx3nvApeyPijLA8GtEvIcPwISRCer+VDf9W1mStTYYq6fPt8ryA==",
			"requires": {
				"chalk": "^2.0.1",
				"diff-sequences": "^24.0.0",
				"jest-get-type": "^24.0.0",
				"pretty-format": "^24.0.0"
			}
		},
		"jest-get-type": {
			"version": "24.0.0",
			"resolved": "https://registry.npmjs.org/jest-get-type/-/jest-get-type-24.0.0.tgz",
			"integrity": "sha512-z6/Eyf6s9ZDGz7eOvl+fzpuJmN9i0KyTt1no37/dHu8galssxz5ZEgnc1KaV8R31q1khxyhB4ui/X5ZjjPk77w=="
		},
		"jest-matcher-utils": {
			"version": "24.0.0",
			"resolved": "https://registry.npmjs.org/jest-matcher-utils/-/jest-matcher-utils-24.0.0.tgz",
			"integrity": "sha512-LQTDmO+aWRz1Tf9HJg+HlPHhDh1E1c65kVwRFo5mwCVp5aQDzlkz4+vCvXhOKFjitV2f0kMdHxnODrXVoi+rlA==",
			"requires": {
				"chalk": "^2.0.1",
				"jest-diff": "^24.0.0",
				"jest-get-type": "^24.0.0",
				"pretty-format": "^24.0.0"
			}
		},
		"pretty-format": {
			"version": "24.0.0",
			"resolved": "https://registry.npmjs.org/pretty-format/-/pretty-format-24.0.0.tgz",
			"integrity": "sha512-LszZaKG665djUcqg5ZQq+XzezHLKrxsA86ZABTozp+oNhkdqa+tG2dX4qa6ERl5c/sRDrAa3lHmwnvKoP+OG/g==",
			"requires": {
				"ansi-regex": "^4.0.0",
				"ansi-styles": "^3.2.0"
			}
		},
		"supports-color": {
			"version": "5.5.0",
			"resolved": "https://registry.npmjs.org/supports-color/-/supports-color-5.5.0.tgz",
			"integrity": "sha512-QjVjwdXIt408MIiAqCX4oUKsgU2EqAGzs2Ppkm4aQYbjm+ZEWEcW4SfFNTr4uMNZma0ey4f5lgLrkB0aX0QMow==",
			"requires": {
				"has-flag": "^3.0.0"
			}
		}
	}
}
